
Microsoft Visual Studio Solution File, Format Version 12.00
# Visual Studio Version 16
VisualStudioVersion = 16.0.29519.87
MinimumVisualStudioVersion = 10.0.40219.1
Project("{E53339B2-1760-4266-BCC7-CA923CBCF16C}") = "docker-compose", "docker-compose.dcproj", "{5B52812E-F2AA-490C-89E0-E26FB4205992}"
EndProject
Project("{9A19103F-16F7-4668-BE54-9A1E7A4F7556}") = "SGDE.API", "src\SGDE.API\SGDE.API.csproj", "{088BB476-8E93-4CDC-A537-31982ED86EBA}"
EndProject
Project("{9A19103F-16F7-4668-BE54-9A1E7A4F7556}") = "SGDE.DataEFCoreSQL", "src\SGDE.DataEFCoreSQL\SGDE.DataEFCoreSQL.csproj", "{D50AB805-D489-41C1-A7B9-A6FC80DD1734}"
EndProject
Project("{9A19103F-16F7-4668-BE54-9A1E7A4F7556}") = "SGDE.Domain", "src\SGDE.Domain\SGDE.Domain.csproj", "{71081357-23AA-4EF3-BD05-CD730303FB1C}"
EndProject
Project("{9A19103F-16F7-4668-BE54-9A1E7A4F7556}") = "SGDE.SeedData", "src\SGDE.SeedData\SGDE.SeedData.csproj", "{943EB050-CF61-4DB4-A441-BC800F959246}"
EndProject
Project("{9A19103F-16F7-4668-BE54-9A1E7A4F7556}") = "SGDE.Web", "src\SGDE.Web\SGDE.Web.csproj", "{1275B249-7B49-4C21-8240-9B7B9306D8A5}"
EndProject
Project("{2150E333-8FDC-42A3-9474-1A3956D46DE8}") = "src", "src", "{551B22F4-1072-4D74-89FD-397AED3F3FB9}"
EndProject
Project("{FAE04EC0-301F-11D3-BF4B-00C04F79EFBC}") = "SGDE.DataEFCoreMongoDB", "src\SGDE.DataEFCoreMongoDB\SGDE.DataEFCoreMongoDB.csproj", "{3CE6A092-6DC2-4E16-96DA-B9E5F4652876}"
EndProject
Global
	GlobalSection(SolutionConfigurationPlatforms) = preSolution
		Debug|Any CPU = Debug|Any CPU
		Release|Any CPU = Release|Any CPU
	EndGlobalSection
	GlobalSection(ProjectConfigurationPlatforms) = postSolution
		{5B52812E-F2AA-490C-89E0-E26FB4205992}.Debug|Any CPU.ActiveCfg = Debug|Any CPU
		{5B52812E-F2AA-490C-89E0-E26FB4205992}.Debug|Any CPU.Build.0 = Debug|Any CPU
		{5B52812E-F2AA-490C-89E0-E26FB4205992}.Release|Any CPU.ActiveCfg = Release|Any CPU
		{5B52812E-F2AA-490C-89E0-E26FB4205992}.Release|Any CPU.Build.0 = Release|Any CPU
		{088BB476-8E93-4CDC-A537-31982ED86EBA}.Debug|Any CPU.ActiveCfg = Debug|Any CPU
		{088BB476-8E93-4CDC-A537-31982ED86EBA}.Debug|Any CPU.Build.0 = Debug|Any CPU
		{088BB476-8E93-4CDC-A537-31982ED86EBA}.Release|Any CPU.ActiveCfg = Release|Any CPU
		{088BB476-8E93-4CDC-A537-31982ED86EBA}.Release|Any CPU.Build.0 = Release|Any CPU
		{D50AB805-D489-41C1-A7B9-A6FC80DD1734}.Debug|Any CPU.ActiveCfg = Debug|Any CPU
		{D50AB805-D489-41C1-A7B9-A6FC80DD1734}.Debug|Any CPU.Build.0 = Debug|Any CPU
		{D50AB805-D489-41C1-A7B9-A6FC80DD1734}.Release|Any CPU.ActiveCfg = Release|Any CPU
		{D50AB805-D489-41C1-A7B9-A6FC80DD1734}.Release|Any CPU.Build.0 = Release|Any CPU
		{71081357-23AA-4EF3-BD05-CD730303FB1C}.Debug|Any CPU.ActiveCfg = Debug|Any CPU
		{71081357-23AA-4EF3-BD05-CD730303FB1C}.Debug|Any CPU.Build.0 = Debug|Any CPU
		{71081357-23AA-4EF3-BD05-CD730303FB1C}.Release|Any CPU.ActiveCfg = Release|Any CPU
		{71081357-23AA-4EF3-BD05-CD730303FB1C}.Release|Any CPU.Build.0 = Release|Any CPU
		{943EB050-CF61-4DB4-A441-BC800F959246}.Debug|Any CPU.ActiveCfg = Debug|Any CPU
		{943EB050-CF61-4DB4-A441-BC800F959246}.Debug|Any CPU.Build.0 = Debug|Any CPU
		{943EB050-CF61-4DB4-A441-BC800F959246}.Release|Any CPU.ActiveCfg = Release|Any CPU
		{943EB050-CF61-4DB4-A441-BC800F959246}.Release|Any CPU.Build.0 = Release|Any CPU
		{1275B249-7B49-4C21-8240-9B7B9306D8A5}.Debug|Any CPU.ActiveCfg = Debug|Any CPU
		{1275B249-7B49-4C21-8240-9B7B9306D8A5}.Debug|Any CPU.Build.0 = Debug|Any CPU
		{1275B249-7B49-4C21-8240-9B7B9306D8A5}.Release|Any CPU.ActiveCfg = Release|Any CPU
		{1275B249-7B49-4C21-8240-9B7B9306D8A5}.Release|Any CPU.Build.0 = Release|Any CPU
		{3CE6A092-6DC2-4E16-96DA-B9E5F4652876}.Debug|Any CPU.ActiveCfg = Debug|Any CPU
		{3CE6A092-6DC2-4E16-96DA-B9E5F4652876}.Debug|Any CPU.Build.0 = Debug|Any CPU
		{3CE6A092-6DC2-4E16-96DA-B9E5F4652876}.Release|Any CPU.ActiveCfg = Release|Any CPU
		{3CE6A092-6DC2-4E16-96DA-B9E5F4652876}.Release|Any CPU.Build.0 = Release|Any CPU
	EndGlobalSection
	GlobalSection(SolutionProperties) = preSolution
		HideSolutionNode = FALSE
	EndGlobalSection
	GlobalSection(NestedProjects) = preSolution
		{088BB476-8E93-4CDC-A537-31982ED86EBA} = {551B22F4-1072-4D74-89FD-397AED3F3FB9}
		{D50AB805-D489-41C1-A7B9-A6FC80DD1734} = {551B22F4-1072-4D74-89FD-397AED3F3FB9}
		{71081357-23AA-4EF3-BD05-CD730303FB1C} = {551B22F4-1072-4D74-89FD-397AED3F3FB9}
		{943EB050-CF61-4DB4-A441-BC800F959246} = {551B22F4-1072-4D74-89FD-397AED3F3FB9}
		{1275B249-7B49-4C21-8240-9B7B9306D8A5} = {551B22F4-1072-4D74-89FD-397AED3F3FB9}
		{3CE6A092-6DC2-4E16-96DA-B9E5F4652876} = {551B22F4-1072-4D74-89FD-397AED3F3FB9}
	EndGlobalSection
	GlobalSection(ExtensibilityGlobals) = postSolution
		SolutionGuid = {6F4F4F87-3F9D-4592-893D-2DD880065DF6}
	EndGlobalSection
EndGlobal
